
Microsoft Visual Studio Solution File, Format Version 12.00
# Visual Studio 14
VisualStudioVersion = 14.0.25420.1
MinimumVisualStudioVersion = 10.0.40219.1
Project("{8BC9CEB8-8B4A-11D0-8D11-00A0C91BC942}") = "MJHuPai_split_noLaiZi", "MJHuPai_split_noLaiZi\MJHuPai_split_noLaiZi.vcxproj", "{83E053DF-CFE5-48B0-8026-E5B527EE3878}"
EndProject
Global
	GlobalSection(SolutionConfigurationPlatforms) = preSolution
		Debug|x64 = Debug|x64
		Debug|x86 = Debug|x86
		Release|x64 = Release|x64
		Release|x86 = Release|x86
	EndGlobalSection
	GlobalSection(ProjectConfigurationPlatforms) = postSolution
		{83E053DF-CFE5-48B0-8026-E5B527EE3878}.Debug|x64.ActiveCfg = Debug|x64
		{83E053DF-CFE5-48B0-8026-E5B527EE3878}.Debug|x64.Build.0 = Debug|x64
		{83E053DF-CFE5-48B0-8026-E5B527EE3878}.Debug|x86.ActiveCfg = Debug|Win32
		{83E053DF-CFE5-48B0-8026-E5B527EE3878}.Debug|x86.Build.0 = Debug|Win32
		{83E053DF-CFE5-48B0-8026-E5B527EE3878}.Release|x64.ActiveCfg = Release|x64
		{83E053DF-CFE5-48B0-8026-E5B527EE3878}.Release|x64.Build.0 = Release|x64
		{83E053DF-CFE5-48B0-8026-E5B527EE3878}.Release|x86.ActiveCfg = Release|Win32
		{83E053DF-CFE5-48B0-8026-E5B527EE3878}.Release|x86.Build.0 = Release|Win32
	EndGlobalSection
	GlobalSection(SolutionProperties) = preSolution
		HideSolutionNode = FALSE
	EndGlobalSection
EndGlobal
